
Microsoft Visual Studio Solution File, Format Version 12.00
# Visual Studio Version 16
VisualStudioVersion = 16.0.31025.194
MinimumVisualStudioVersion = 10.0.40219.1
Project("{FAE04EC0-301F-11D3-BF4B-00C04F79EFBC}") = "fp", "fp\fp.csproj", "{52FCF6B7-B5B9-49EF-AF91-36E37AE481D2}"
EndProject
Global
	GlobalSection(SolutionConfigurationPlatforms) = preSolution
		Debug|Any CPU = Debug|Any CPU
		Release|Any CPU = Release|Any CPU
	EndGlobalSection
	GlobalSection(ProjectConfigurationPlatforms) = postSolution
		{52FCF6B7-B5B9-49EF-AF91-36E37AE481D2}.Debug|Any CPU.ActiveCfg = Debug|Any CPU
		{52FCF6B7-B5B9-49EF-AF91-36E37AE481D2}.Debug|Any CPU.Build.0 = Debug|Any CPU
		{52FCF6B7-B5B9-49EF-AF91-36E37AE481D2}.Release|Any CPU.ActiveCfg = Release|Any CPU
		{52FCF6B7-B5B9-49EF-AF91-36E37AE481D2}.Release|Any CPU.Build.0 = Release|Any CPU
	EndGlobalSection
	GlobalSection(SolutionProperties) = preSolution
		HideSolutionNode = FALSE
	EndGlobalSection
	GlobalSection(ExtensibilityGlobals) = postSolution
		SolutionGuid = {5E81C360-F591-4277-BBC5-03F0372D0EA9}
	EndGlobalSection
EndGlobal
